
Microsoft Visual Studio Solution File, Format Version 12.00
# Visual Studio Version 17
VisualStudioVersion = 17.0.32112.339
MinimumVisualStudioVersion = 10.0.40219.1
Project("{9A19103F-16F7-4668-BE54-9A1E7A4F7556}") = "BlazorApp_CRUD.Server", "BlazorApp_CRUD\Server\BlazorApp_CRUD.Server.csproj", "{915DB4E5-2BFF-4B78-99CC-F76353475B5C}"
EndProject
Project("{9A19103F-16F7-4668-BE54-9A1E7A4F7556}") = "BlazorApp_CRUD.Client", "BlazorApp_CRUD\Client\BlazorApp_CRUD.Client.csproj", "{3160043F-F945-4996-9F22-41BF956C91DB}"
EndProject
Project("{9A19103F-16F7-4668-BE54-9A1E7A4F7556}") = "BlazorApp_CRUD.Shared", "BlazorApp_CRUD\Shared\BlazorApp_CRUD.Shared.csproj", "{C59A0474-A6D8-43FF-B2D9-83A6F168721B}"
EndProject
Global
	GlobalSection(SolutionConfigurationPlatforms) = preSolution
		Debug|Any CPU = Debug|Any CPU
		Release|Any CPU = Release|Any CPU
	EndGlobalSection
	GlobalSection(ProjectConfigurationPlatforms) = postSolution
		{915DB4E5-2BFF-4B78-99CC-F76353475B5C}.Debug|Any CPU.ActiveCfg = Debug|Any CPU
		{915DB4E5-2BFF-4B78-99CC-F76353475B5C}.Debug|Any CPU.Build.0 = Debug|Any CPU
		{915DB4E5-2BFF-4B78-99CC-F76353475B5C}.Release|Any CPU.ActiveCfg = Release|Any CPU
		{915DB4E5-2BFF-4B78-99CC-F76353475B5C}.Release|Any CPU.Build.0 = Release|Any CPU
		{3160043F-F945-4996-9F22-41BF956C91DB}.Debug|Any CPU.ActiveCfg = Debug|Any CPU
		{3160043F-F945-4996-9F22-41BF956C91DB}.Debug|Any CPU.Build.0 = Debug|Any CPU
		{3160043F-F945-4996-9F22-41BF956C91DB}.Release|Any CPU.ActiveCfg = Release|Any CPU
		{3160043F-F945-4996-9F22-41BF956C91DB}.Release|Any CPU.Build.0 = Release|Any CPU
		{C59A0474-A6D8-43FF-B2D9-83A6F168721B}.Debug|Any CPU.ActiveCfg = Debug|Any CPU
		{C59A0474-A6D8-43FF-B2D9-83A6F168721B}.Debug|Any CPU.Build.0 = Debug|Any CPU
		{C59A0474-A6D8-43FF-B2D9-83A6F168721B}.Release|Any CPU.ActiveCfg = Release|Any CPU
		{C59A0474-A6D8-43FF-B2D9-83A6F168721B}.Release|Any CPU.Build.0 = Release|Any CPU
	EndGlobalSection
	GlobalSection(SolutionProperties) = preSolution
		HideSolutionNode = FALSE
	EndGlobalSection
	GlobalSection(ExtensibilityGlobals) = postSolution
		SolutionGuid = {CCFB1A2F-CE6C-42D1-9B89-524BA15FA6AD}
	EndGlobalSection
EndGlobal
